
Microsoft Visual Studio Solution File, Format Version 12.00
# Visual Studio Version 17
VisualStudioVersion = 17.10.34928.147
MinimumVisualStudioVersion = 10.0.40219.1
Project("{9A19103F-16F7-4668-BE54-9A1E7A4F7556}") = "RazorMessageWall", "RazorMessageWall\RazorMessageWall.csproj", "{0A4C416D-E259-44BE-A00E-1C33B67AF34A}"
EndProject
Global
	GlobalSection(SolutionConfigurationPlatforms) = preSolution
		Debug|Any CPU = Debug|Any CPU
		Release|Any CPU = Release|Any CPU
	EndGlobalSection
	GlobalSection(ProjectConfigurationPlatforms) = postSolution
		{0A4C416D-E259-44BE-A00E-1C33B67AF34A}.Debug|Any CPU.ActiveCfg = Debug|Any CPU
		{0A4C416D-E259-44BE-A00E-1C33B67AF34A}.Debug|Any CPU.Build.0 = Debug|Any CPU
		{0A4C416D-E259-44BE-A00E-1C33B67AF34A}.Release|Any CPU.ActiveCfg = Release|Any CPU
		{0A4C416D-E259-44BE-A00E-1C33B67AF34A}.Release|Any CPU.Build.0 = Release|Any CPU
	EndGlobalSection
	GlobalSection(SolutionProperties) = preSolution
		HideSolutionNode = FALSE
	EndGlobalSection
	GlobalSection(ExtensibilityGlobals) = postSolution
		SolutionGuid = {D7CE44C6-004E-4867-B4ED-B1A6104C2BEB}
	EndGlobalSection
EndGlobal
